
Microsoft Visual Studio Solution File, Format Version 10.00
# Visual Studio 2008
Project("{FAE04EC0-301F-11D3-BF4B-00C04F79EFBC}") = "Primer1", "Primer1\Primer1.csproj", "{D6ABA277-7CBF-4988-BDE0-786B4B7DC2B8}"
EndProject
Project("{FAE04EC0-301F-11D3-BF4B-00C04F79EFBC}") = "SecondProject", "SecondProject\SecondProject.csproj", "{D40CCCC5-5BBF-4A74-BD1F-5BDE6286614C}"
EndProject
Project("{FAE04EC0-301F-11D3-BF4B-00C04F79EFBC}") = "SinCos", "SinCos\SinCos.csproj", "{B2973BDD-3D02-4B6B-AFC3-DA5E720E9BDB}"
EndProject
Project("{FAE04EC0-301F-11D3-BF4B-00C04F79EFBC}") = "SinT_CosT", "SinT_CosT\SinT_CosT.csproj", "{B6037F26-9FFB-4739-8737-51C7A2A1908F}"
EndProject
Project("{FAE04EC0-301F-11D3-BF4B-00C04F79EFBC}") = "ball", "ball\ball.csproj", "{9B0F8E03-6A21-482E-9190-417E3F712C9B}"
EndProject
Project("{FAE04EC0-301F-11D3-BF4B-00C04F79EFBC}") = "tor", "tor\tor.csproj", "{F547AB0C-81AE-4D6B-AEAE-772C2C8B6F3E}"
EndProject
Project("{FAE04EC0-301F-11D3-BF4B-00C04F79EFBC}") = "CilKon", "CilKon\CilKon.csproj", "{43C81B66-1731-475A-BD65-AE44CA6D5C95}"
EndProject
Global
	GlobalSection(SolutionConfigurationPlatforms) = preSolution
		Debug|Any CPU = Debug|Any CPU
		Release|Any CPU = Release|Any CPU
	EndGlobalSection
	GlobalSection(ProjectConfigurationPlatforms) = postSolution
		{D6ABA277-7CBF-4988-BDE0-786B4B7DC2B8}.Debug|Any CPU.ActiveCfg = Debug|Any CPU
		{D6ABA277-7CBF-4988-BDE0-786B4B7DC2B8}.Debug|Any CPU.Build.0 = Debug|Any CPU
		{D6ABA277-7CBF-4988-BDE0-786B4B7DC2B8}.Release|Any CPU.ActiveCfg = Release|Any CPU
		{D6ABA277-7CBF-4988-BDE0-786B4B7DC2B8}.Release|Any CPU.Build.0 = Release|Any CPU
		{D40CCCC5-5BBF-4A74-BD1F-5BDE6286614C}.Debug|Any CPU.ActiveCfg = Debug|Any CPU
		{D40CCCC5-5BBF-4A74-BD1F-5BDE6286614C}.Debug|Any CPU.Build.0 = Debug|Any CPU
		{D40CCCC5-5BBF-4A74-BD1F-5BDE6286614C}.Release|Any CPU.ActiveCfg = Release|Any CPU
		{D40CCCC5-5BBF-4A74-BD1F-5BDE6286614C}.Release|Any CPU.Build.0 = Release|Any CPU
		{B2973BDD-3D02-4B6B-AFC3-DA5E720E9BDB}.Debug|Any CPU.ActiveCfg = Debug|Any CPU
		{B2973BDD-3D02-4B6B-AFC3-DA5E720E9BDB}.Debug|Any CPU.Build.0 = Debug|Any CPU
		{B2973BDD-3D02-4B6B-AFC3-DA5E720E9BDB}.Release|Any CPU.ActiveCfg = Release|Any CPU
		{B2973BDD-3D02-4B6B-AFC3-DA5E720E9BDB}.Release|Any CPU.Build.0 = Release|Any CPU
		{B6037F26-9FFB-4739-8737-51C7A2A1908F}.Debug|Any CPU.ActiveCfg = Debug|Any CPU
		{B6037F26-9FFB-4739-8737-51C7A2A1908F}.Debug|Any CPU.Build.0 = Debug|Any CPU
		{B6037F26-9FFB-4739-8737-51C7A2A1908F}.Release|Any CPU.ActiveCfg = Release|Any CPU
		{B6037F26-9FFB-4739-8737-51C7A2A1908F}.Release|Any CPU.Build.0 = Release|Any CPU
		{9B0F8E03-6A21-482E-9190-417E3F712C9B}.Debug|Any CPU.ActiveCfg = Debug|Any CPU
		{9B0F8E03-6A21-482E-9190-417E3F712C9B}.Debug|Any CPU.Build.0 = Debug|Any CPU
		{9B0F8E03-6A21-482E-9190-417E3F712C9B}.Release|Any CPU.ActiveCfg = Release|Any CPU
		{9B0F8E03-6A21-482E-9190-417E3F712C9B}.Release|Any CPU.Build.0 = Release|Any CPU
		{F547AB0C-81AE-4D6B-AEAE-772C2C8B6F3E}.Debug|Any CPU.ActiveCfg = Debug|Any CPU
		{F547AB0C-81AE-4D6B-AEAE-772C2C8B6F3E}.Debug|Any CPU.Build.0 = Debug|Any CPU
		{F547AB0C-81AE-4D6B-AEAE-772C2C8B6F3E}.Release|Any CPU.ActiveCfg = Release|Any CPU
		{F547AB0C-81AE-4D6B-AEAE-772C2C8B6F3E}.Release|Any CPU.Build.0 = Release|Any CPU
		{43C81B66-1731-475A-BD65-AE44CA6D5C95}.Debug|Any CPU.ActiveCfg = Debug|Any CPU
		{43C81B66-1731-475A-BD65-AE44CA6D5C95}.Debug|Any CPU.Build.0 = Debug|Any CPU
		{43C81B66-1731-475A-BD65-AE44CA6D5C95}.Release|Any CPU.ActiveCfg = Release|Any CPU
		{43C81B66-1731-475A-BD65-AE44CA6D5C95}.Release|Any CPU.Build.0 = Release|Any CPU
	EndGlobalSection
	GlobalSection(SolutionProperties) = preSolution
		HideSolutionNode = FALSE
	EndGlobalSection
EndGlobal
